// !$*UTF8*$!
{
	archiveVersion = 1;
	classes = {
	};
	objectVersion = 50;
	objects = {

/* Begin PBXBuildFile section */
		12D7610397100568253997CA /* Pods_WordListTests.framework in Frameworks */ = {isa = PBXBuildFile; fileRef = F1E78CB26EB6FF92BABCFC74 /* Pods_WordListTests.framework */; };
		AB5707D40253C81F6F9CF876 /* Pods_WordListUITests.framework in Frameworks */ = {isa = PBXBuildFile; fileRef = 7D60157045653931D5B0382D /* Pods_WordListUITests.framework */; };
		EC44801C90B9084AE947AFA8 /* Pods_WordList.framework in Frameworks */ = {isa = PBXBuildFile; fileRef = 384E115EFDC3EB8AD929F58D /* Pods_WordList.framework */; };
		F5462D7D2255336600E939FE /* AppDelegate.swift in Sources */ = {isa = PBXBuildFile; fileRef = F5462D7C2255336600E939FE /* AppDelegate.swift */; };
		F5462D7F2255336600E939FE /* ViewController.swift in Sources */ = {isa = PBXBuildFile; fileRef = F5462D7E2255336600E939FE /* ViewController.swift */; };
		F5462D822255336600E939FE /* Main.storyboard in Resources */ = {isa = PBXBuildFile; fileRef = F5462D802255336600E939FE /* Main.storyboard */; };
		F5462D842255336B00E939FE /* Assets.xcassets in Resources */ = {isa = PBXBuildFile; fileRef = F5462D832255336B00E939FE /* Assets.xcassets */; };
		F5462D872255336B00E939FE /* LaunchScreen.storyboard in Resources */ = {isa = PBXBuildFile; fileRef = F5462D852255336B00E939FE /* LaunchScreen.storyboard */; };
		F5462D922255336B00E939FE /* WordListTests.swift in Sources */ = {isa = PBXBuildFile; fileRef = F5462D912255336B00E939FE /* WordListTests.swift */; };
		F5462D9D2255336B00E939FE /* WordListUITests.swift in Sources */ = {isa = PBXBuildFile; fileRef = F5462D9C2255336B00E939FE /* WordListUITests.swift */; };
		F55DBCC5227B683800EC7EBF /* StartLessonCell.swift in Sources */ = {isa = PBXBuildFile; fileRef = F55DBCC4227B683800EC7EBF /* StartLessonCell.swift */; };
		F58C6BC7225BC9E500C60192 /* GoogleService-Info.plist in Resources */ = {isa = PBXBuildFile; fileRef = F58C6BC6225BC9E400C60192 /* GoogleService-Info.plist */; };
		F5C02E272263C2410028FEAE /* NetworkManager.swift in Sources */ = {isa = PBXBuildFile; fileRef = F5C02E262263C2410028FEAE /* NetworkManager.swift */; };
		F5C02E292263C2C10028FEAE /* firebaseCodable.swift in Sources */ = {isa = PBXBuildFile; fileRef = F5C02E282263C2C10028FEAE /* firebaseCodable.swift */; };
		F5D40A69226F835000BCB1EA /* LessonCell.swift in Sources */ = {isa = PBXBuildFile; fileRef = F5D40A68226F835000BCB1EA /* LessonCell.swift */; };
		F5D40A6C22746C0E00BCB1EA /* LessonViewController.swift in Sources */ = {isa = PBXBuildFile; fileRef = F5D40A6B22746C0E00BCB1EA /* LessonViewController.swift */; };
		F5D40A6F2274828000BCB1EA /* LessonNameCell.swift in Sources */ = {isa = PBXBuildFile; fileRef = F5D40A6E2274828000BCB1EA /* LessonNameCell.swift */; };
		F5D40A72227482D000BCB1EA /* CreatorIdCell.swift in Sources */ = {isa = PBXBuildFile; fileRef = F5D40A71227482D000BCB1EA /* CreatorIdCell.swift */; };
		F5D40A742274830A00BCB1EA /* LessonTopicCell.swift in Sources */ = {isa = PBXBuildFile; fileRef = F5D40A732274830A00BCB1EA /* LessonTopicCell.swift */; };
		F5D40A762274834B00BCB1EA /* WordsListCell.swift in Sources */ = {isa = PBXBuildFile; fileRef = F5D40A752274834B00BCB1EA /* WordsListCell.swift */; };
		F5D40A7B2274A73000BCB1EA /* TranslationCell.swift in Sources */ = {isa = PBXBuildFile; fileRef = F5D40A7A2274A73000BCB1EA /* TranslationCell.swift */; };
/* End PBXBuildFile section */

/* Begin PBXContainerItemProxy section */
		F5462D8E2255336B00E939FE /* PBXContainerItemProxy */ = {
			isa = PBXContainerItemProxy;
			containerPortal = F5462D712255336600E939FE /* Project object */;
			proxyType = 1;
			remoteGlobalIDString = F5462D782255336600E939FE;
			remoteInfo = WordList;
		};
		F5462D992255336B00E939FE /* PBXContainerItemProxy */ = {
			isa = PBXContainerItemProxy;
			containerPortal = F5462D712255336600E939FE /* Project object */;
			proxyType = 1;
			remoteGlobalIDString = F5462D782255336600E939FE;
			remoteInfo = WordList;
		};
/* End PBXContainerItemProxy section */

/* Begin PBXFileReference section */
		076831A7ED13BBFBC2345E9B /* Pods-WordList.debug.xcconfig */ = {isa = PBXFileReference; includeInIndex = 1; lastKnownFileType = text.xcconfig; name = "Pods-WordList.debug.xcconfig"; path = "Target Support Files/Pods-WordList/Pods-WordList.debug.xcconfig"; sourceTree = "<group>"; };
		384E115EFDC3EB8AD929F58D /* Pods_WordList.framework */ = {isa = PBXFileReference; explicitFileType = wrapper.framework; includeInIndex = 0; path = Pods_WordList.framework; sourceTree = BUILT_PRODUCTS_DIR; };
		3B3A7E3862FBC45DCCBE837C /* Pods-WordListUITests.debug.xcconfig */ = {isa = PBXFileReference; includeInIndex = 1; lastKnownFileType = text.xcconfig; name = "Pods-WordListUITests.debug.xcconfig"; path = "Target Support Files/Pods-WordListUITests/Pods-WordListUITests.debug.xcconfig"; sourceTree = "<group>"; };
		47F9F22BA137B3F0C56D4CF7 /* Pods-WordListTests.release.xcconfig */ = {isa = PBXFileReference; includeInIndex = 1; lastKnownFileType = text.xcconfig; name = "Pods-WordListTests.release.xcconfig"; path = "Target Support Files/Pods-WordListTests/Pods-WordListTests.release.xcconfig"; sourceTree = "<group>"; };
		7D60157045653931D5B0382D /* Pods_WordListUITests.framework */ = {isa = PBXFileReference; explicitFileType = wrapper.framework; includeInIndex = 0; path = Pods_WordListUITests.framework; sourceTree = BUILT_PRODUCTS_DIR; };
		C3B5BBFB71C325376DB409A8 /* Pods-WordList.release.xcconfig */ = {isa = PBXFileReference; includeInIndex = 1; lastKnownFileType = text.xcconfig; name = "Pods-WordList.release.xcconfig"; path = "Target Support Files/Pods-WordList/Pods-WordList.release.xcconfig"; sourceTree = "<group>"; };
		E6D5D560B108579740F117BC /* Pods-WordListTests.debug.xcconfig */ = {isa = PBXFileReference; includeInIndex = 1; lastKnownFileType = text.xcconfig; name = "Pods-WordListTests.debug.xcconfig"; path = "Target Support Files/Pods-WordListTests/Pods-WordListTests.debug.xcconfig"; sourceTree = "<group>"; };
		E870A555A2DAF9AA22D7AA26 /* Pods-WordListUITests.release.xcconfig */ = {isa = PBXFileReference; includeInIndex = 1; lastKnownFileType = text.xcconfig; name = "Pods-WordListUITests.release.xcconfig"; path = "Target Support Files/Pods-WordListUITests/Pods-WordListUITests.release.xcconfig"; sourceTree = "<group>"; };
		F1E78CB26EB6FF92BABCFC74 /* Pods_WordListTests.framework */ = {isa = PBXFileReference; explicitFileType = wrapper.framework; includeInIndex = 0; path = Pods_WordListTests.framework; sourceTree = BUILT_PRODUCTS_DIR; };
		F5462D792255336600E939FE /* WordList.app */ = {isa = PBXFileReference; explicitFileType = wrapper.application; includeInIndex = 0; path = WordList.app; sourceTree = BUILT_PRODUCTS_DIR; };
		F5462D7C2255336600E939FE /* AppDelegate.swift */ = {isa = PBXFileReference; lastKnownFileType = sourcecode.swift; path = AppDelegate.swift; sourceTree = "<group>"; };
		F5462D7E2255336600E939FE /* ViewController.swift */ = {isa = PBXFileReference; lastKnownFileType = sourcecode.swift; path = ViewController.swift; sourceTree = "<group>"; };
		F5462D812255336600E939FE /* Base */ = {isa = PBXFileReference; lastKnownFileType = file.storyboard; name = Base; path = Base.lproj/Main.storyboard; sourceTree = "<group>"; };
		F5462D832255336B00E939FE /* Assets.xcassets */ = {isa = PBXFileReference; lastKnownFileType = folder.assetcatalog; path = Assets.xcassets; sourceTree = "<group>"; };
		F5462D862255336B00E939FE /* Base */ = {isa = PBXFileReference; lastKnownFileType = file.storyboard; name = Base; path = Base.lproj/LaunchScreen.storyboard; sourceTree = "<group>"; };
		F5462D882255336B00E939FE /* Info.plist */ = {isa = PBXFileReference; lastKnownFileType = text.plist.xml; path = Info.plist; sourceTree = "<group>"; };
		F5462D8D2255336B00E939FE /* WordListTests.xctest */ = {isa = PBXFileReference; explicitFileType = wrapper.cfbundle; includeInIndex = 0; path = WordListTests.xctest; sourceTree = BUILT_PRODUCTS_DIR; };
		F5462D912255336B00E939FE /* WordListTests.swift */ = {isa = PBXFileReference; lastKnownFileType = sourcecode.swift; path = WordListTests.swift; sourceTree = "<group>"; };
		F5462D932255336B00E939FE /* Info.plist */ = {isa = PBXFileReference; lastKnownFileType = text.plist.xml; path = Info.plist; sourceTree = "<group>"; };
		F5462D982255336B00E939FE /* WordListUITests.xctest */ = {isa = PBXFileReference; explicitFileType = wrapper.cfbundle; includeInIndex = 0; path = WordListUITests.xctest; sourceTree = BUILT_PRODUCTS_DIR; };
		F5462D9C2255336B00E939FE /* WordListUITests.swift */ = {isa = PBXFileReference; lastKnownFileType = sourcecode.swift; path = WordListUITests.swift; sourceTree = "<group>"; };
		F5462D9E2255336B00E939FE /* Info.plist */ = {isa = PBXFileReference; lastKnownFileType = text.plist.xml; path = Info.plist; sourceTree = "<group>"; };
		F55DBCC4227B683800EC7EBF /* StartLessonCell.swift */ = {isa = PBXFileReference; lastKnownFileType = sourcecode.swift; path = StartLessonCell.swift; sourceTree = "<group>"; };
		F58C6BC6225BC9E400C60192 /* GoogleService-Info.plist */ = {isa = PBXFileReference; fileEncoding = 4; lastKnownFileType = text.plist.xml; path = "GoogleService-Info.plist"; sourceTree = "<group>"; };
		F5C02E262263C2410028FEAE /* NetworkManager.swift */ = {isa = PBXFileReference; lastKnownFileType = sourcecode.swift; path = NetworkManager.swift; sourceTree = "<group>"; };
		F5C02E282263C2C10028FEAE /* firebaseCodable.swift */ = {isa = PBXFileReference; lastKnownFileType = sourcecode.swift; path = firebaseCodable.swift; sourceTree = "<group>"; };
		F5D40A68226F835000BCB1EA /* LessonCell.swift */ = {isa = PBXFileReference; lastKnownFileType = sourcecode.swift; path = LessonCell.swift; sourceTree = "<group>"; };
		F5D40A6B22746C0E00BCB1EA /* LessonViewController.swift */ = {isa = PBXFileReference; lastKnownFileType = sourcecode.swift; path = LessonViewController.swift; sourceTree = "<group>"; };
		F5D40A6E2274828000BCB1EA /* LessonNameCell.swift */ = {isa = PBXFileReference; lastKnownFileType = sourcecode.swift; path = LessonNameCell.swift; sourceTree = "<group>"; };
		F5D40A71227482D000BCB1EA /* CreatorIdCell.swift */ = {isa = PBXFileReference; lastKnownFileType = sourcecode.swift; path = CreatorIdCell.swift; sourceTree = "<group>"; };
		F5D40A732274830A00BCB1EA /* LessonTopicCell.swift */ = {isa = PBXFileReference; lastKnownFileType = sourcecode.swift; path = LessonTopicCell.swift; sourceTree = "<group>"; };
		F5D40A752274834B00BCB1EA /* WordsListCell.swift */ = {isa = PBXFileReference; lastKnownFileType = sourcecode.swift; path = WordsListCell.swift; sourceTree = "<group>"; };
		F5D40A7A2274A73000BCB1EA /* TranslationCell.swift */ = {isa = PBXFileReference; lastKnownFileType = sourcecode.swift; path = TranslationCell.swift; sourceTree = "<group>"; };
/* End PBXFileReference section */

/* Begin PBXFrameworksBuildPhase section */
		F5462D762255336600E939FE /* Frameworks */ = {
			isa = PBXFrameworksBuildPhase;
			buildActionMask = 2147483647;
			files = (
				EC44801C90B9084AE947AFA8 /* Pods_WordList.framework in Frameworks */,
			);
			runOnlyForDeploymentPostprocessing = 0;
		};
		F5462D8A2255336B00E939FE /* Frameworks */ = {
			isa = PBXFrameworksBuildPhase;
			buildActionMask = 2147483647;
			files = (
				12D7610397100568253997CA /* Pods_WordListTests.framework in Frameworks */,
			);
			runOnlyForDeploymentPostprocessing = 0;
		};
		F5462D952255336B00E939FE /* Frameworks */ = {
			isa = PBXFrameworksBuildPhase;
			buildActionMask = 2147483647;
			files = (
				AB5707D40253C81F6F9CF876 /* Pods_WordListUITests.framework in Frameworks */,
			);
			runOnlyForDeploymentPostprocessing = 0;
		};
/* End PBXFrameworksBuildPhase section */

/* Begin PBXGroup section */
		3F187E69A1ECF86FBECFB961 /* Pods */ = {
			isa = PBXGroup;
			children = (
				076831A7ED13BBFBC2345E9B /* Pods-WordList.debug.xcconfig */,
				C3B5BBFB71C325376DB409A8 /* Pods-WordList.release.xcconfig */,
				E6D5D560B108579740F117BC /* Pods-WordListTests.debug.xcconfig */,
				47F9F22BA137B3F0C56D4CF7 /* Pods-WordListTests.release.xcconfig */,
				3B3A7E3862FBC45DCCBE837C /* Pods-WordListUITests.debug.xcconfig */,
				E870A555A2DAF9AA22D7AA26 /* Pods-WordListUITests.release.xcconfig */,
			);
			path = Pods;
			sourceTree = "<group>";
		};
		F5462D702255336600E939FE = {
			isa = PBXGroup;
			children = (
				F5462D7B2255336600E939FE /* WordList */,
				F5462D902255336B00E939FE /* WordListTests */,
				F5462D9B2255336B00E939FE /* WordListUITests */,
				F5462D7A2255336600E939FE /* Products */,
				3F187E69A1ECF86FBECFB961 /* Pods */,
				FB5C60F42858556F4E69D893 /* Frameworks */,
			);
			sourceTree = "<group>";
		};
		F5462D7A2255336600E939FE /* Products */ = {
			isa = PBXGroup;
			children = (
				F5462D792255336600E939FE /* WordList.app */,
				F5462D8D2255336B00E939FE /* WordListTests.xctest */,
				F5462D982255336B00E939FE /* WordListUITests.xctest */,
			);
			name = Products;
			sourceTree = "<group>";
		};
		F5462D7B2255336600E939FE /* WordList */ = {
			isa = PBXGroup;
			children = (
				F5462D7C2255336600E939FE /* AppDelegate.swift */,
				F5C02E262263C2410028FEAE /* NetworkManager.swift */,
				F5D40A6A22743AA300BCB1EA /* lessonView */,
				F5D40A67226F830D00BCB1EA /* lessons */,
				F5462D802255336600E939FE /* Main.storyboard */,
				F5462D832255336B00E939FE /* Assets.xcassets */,
				F5462D852255336B00E939FE /* LaunchScreen.storyboard */,
				F5462D882255336B00E939FE /* Info.plist */,
				F58C6BC6225BC9E400C60192 /* GoogleService-Info.plist */,
			);
			path = WordList;
			sourceTree = "<group>";
		};
		F5462D902255336B00E939FE /* WordListTests */ = {
			isa = PBXGroup;
			children = (
				F5462D912255336B00E939FE /* WordListTests.swift */,
				F5462D932255336B00E939FE /* Info.plist */,
			);
			path = WordListTests;
			sourceTree = "<group>";
		};
		F5462D9B2255336B00E939FE /* WordListUITests */ = {
			isa = PBXGroup;
			children = (
				F5462D9C2255336B00E939FE /* WordListUITests.swift */,
				F5462D9E2255336B00E939FE /* Info.plist */,
			);
			path = WordListUITests;
			sourceTree = "<group>";
		};
		F5D40A67226F830D00BCB1EA /* lessons */ = {
			isa = PBXGroup;
			children = (
				F5462D7E2255336600E939FE /* ViewController.swift */,
				F5C02E282263C2C10028FEAE /* firebaseCodable.swift */,
				F5D40A68226F835000BCB1EA /* LessonCell.swift */,
			);
			path = lessons;
			sourceTree = "<group>";
		};
		F5D40A6A22743AA300BCB1EA /* lessonView */ = {
			isa = PBXGroup;
			children = (
				F5D40A6B22746C0E00BCB1EA /* LessonViewController.swift */,
				F5D40A6D2274825600BCB1EA /* Cells */,
			);
			path = lessonView;
			sourceTree = "<group>";
		};
		F5D40A6D2274825600BCB1EA /* Cells */ = {
			isa = PBXGroup;
			children = (
				F5D40A6E2274828000BCB1EA /* LessonNameCell.swift */,
				F5D40A732274830A00BCB1EA /* LessonTopicCell.swift */,
				F5D40A71227482D000BCB1EA /* CreatorIdCell.swift */,
				F5D40A752274834B00BCB1EA /* WordsListCell.swift */,
				F5D40A772274A6F800BCB1EA /* Word-Translation */,
			);
			path = Cells;
			sourceTree = "<group>";
		};
		F5D40A772274A6F800BCB1EA /* Word-Translation */ = {
			isa = PBXGroup;
			children = (
				F5D40A7A2274A73000BCB1EA /* TranslationCell.swift */,
				F55DBCC4227B683800EC7EBF /* StartLessonCell.swift */,
			);
			path = "Word-Translation";
			sourceTree = "<group>";
		};
		FB5C60F42858556F4E69D893 /* Frameworks */ = {
			isa = PBXGroup;
			children = (
				384E115EFDC3EB8AD929F58D /* Pods_WordList.framework */,
				F1E78CB26EB6FF92BABCFC74 /* Pods_WordListTests.framework */,
				7D60157045653931D5B0382D /* Pods_WordListUITests.framework */,
			);
			name = Frameworks;
			sourceTree = "<group>";
		};
/* End PBXGroup section */

/* Begin PBXNativeTarget section */
		F5462D782255336600E939FE /* WordList */ = {
			isa = PBXNativeTarget;
			buildConfigurationList = F5462DA12255336B00E939FE /* Build configuration list for PBXNativeTarget "WordList" */;
			buildPhases = (
				AE984140372E7E0D4D96736A /* [CP] Check Pods Manifest.lock */,
				F5462D752255336600E939FE /* Sources */,
				F5462D762255336600E939FE /* Frameworks */,
				F5462D772255336600E939FE /* Resources */,
				FB009F6087D23F331E59E2C2 /* [CP] Embed Pods Frameworks */,
			);
			buildRules = (
			);
			dependencies = (
			);
			name = WordList;
			productName = WordList;
			productReference = F5462D792255336600E939FE /* WordList.app */;
			productType = "com.apple.product-type.application";
		};
		F5462D8C2255336B00E939FE /* WordListTests */ = {
			isa = PBXNativeTarget;
			buildConfigurationList = F5462DA42255336C00E939FE /* Build configuration list for PBXNativeTarget "WordListTests" */;
			buildPhases = (
				FD793819FF644307DFD04DB0 /* [CP] Check Pods Manifest.lock */,
				F5462D892255336B00E939FE /* Sources */,
				F5462D8A2255336B00E939FE /* Frameworks */,
				F5462D8B2255336B00E939FE /* Resources */,
			);
			buildRules = (
			);
			dependencies = (
				F5462D8F2255336B00E939FE /* PBXTargetDependency */,
			);
			name = WordListTests;
			productName = WordListTests;
			productReference = F5462D8D2255336B00E939FE /* WordListTests.xctest */;
			productType = "com.apple.product-type.bundle.unit-test";
		};
		F5462D972255336B00E939FE /* WordListUITests */ = {
			isa = PBXNativeTarget;
			buildConfigurationList = F5462DA72255336C00E939FE /* Build configuration list for PBXNativeTarget "WordListUITests" */;
			buildPhases = (
				D83244105B8260D1857BE596 /* [CP] Check Pods Manifest.lock */,
				F5462D942255336B00E939FE /* Sources */,
				F5462D952255336B00E939FE /* Frameworks */,
				F5462D962255336B00E939FE /* Resources */,
			);
			buildRules = (
			);
			dependencies = (
				F5462D9A2255336B00E939FE /* PBXTargetDependency */,
			);
			name = WordListUITests;
			productName = WordListUITests;
			productReference = F5462D982255336B00E939FE /* WordListUITests.xctest */;
			productType = "com.apple.product-type.bundle.ui-testing";
		};
/* End PBXNativeTarget section */

/* Begin PBXProject section */
		F5462D712255336600E939FE /* Project object */ = {
			isa = PBXProject;
			attributes = {
				LastSwiftUpdateCheck = 1010;
				LastUpgradeCheck = 1010;
				ORGANIZATIONNAME = Vlad;
				TargetAttributes = {
					F5462D782255336600E939FE = {
						CreatedOnToolsVersion = 10.1;
					};
					F5462D8C2255336B00E939FE = {
						CreatedOnToolsVersion = 10.1;
						TestTargetID = F5462D782255336600E939FE;
					};
					F5462D972255336B00E939FE = {
						CreatedOnToolsVersion = 10.1;
						TestTargetID = F5462D782255336600E939FE;
					};
				};
			};
			buildConfigurationList = F5462D742255336600E939FE /* Build configuration list for PBXProject "WordList" */;
			compatibilityVersion = "Xcode 9.3";
			developmentRegion = en;
			hasScannedForEncodings = 0;
			knownRegions = (
				en,
				Base,
			);
			mainGroup = F5462D702255336600E939FE;
			productRefGroup = F5462D7A2255336600E939FE /* Products */;
			projectDirPath = "";
			projectRoot = "";
			targets = (
				F5462D782255336600E939FE /* WordList */,
				F5462D8C2255336B00E939FE /* WordListTests */,
				F5462D972255336B00E939FE /* WordListUITests */,
			);
		};
/* End PBXProject section */

/* Begin PBXResourcesBuildPhase section */
		F5462D772255336600E939FE /* Resources */ = {
			isa = PBXResourcesBuildPhase;
			buildActionMask = 2147483647;
			files = (
				F5462D872255336B00E939FE /* LaunchScreen.storyboard in Resources */,
				F58C6BC7225BC9E500C60192 /* GoogleService-Info.plist in Resources */,
				F5462D842255336B00E939FE /* Assets.xcassets in Resources */,
				F5462D822255336600E939FE /* Main.storyboard in Resources */,
			);
			runOnlyForDeploymentPostprocessing = 0;
		};
		F5462D8B2255336B00E939FE /* Resources */ = {
			isa = PBXResourcesBuildPhase;
			buildActionMask = 2147483647;
			files = (
			);
			runOnlyForDeploymentPostprocessing = 0;
		};
		F5462D962255336B00E939FE /* Resources */ = {
			isa = PBXResourcesBuildPhase;
			buildActionMask = 2147483647;
			files = (
			);
			runOnlyForDeploymentPostprocessing = 0;
		};
/* End PBXResourcesBuildPhase section */

/* Begin PBXShellScriptBuildPhase section */
		AE984140372E7E0D4D96736A /* [CP] Check Pods Manifest.lock */ = {
			isa = PBXShellScriptBuildPhase;
			buildActionMask = 2147483647;
			files = (
			);
			inputFileListPaths = (
			);
			inputPaths = (
				"${PODS_PODFILE_DIR_PATH}/Podfile.lock",
				"${PODS_ROOT}/Manifest.lock",
			);
			name = "[CP] Check Pods Manifest.lock";
			outputFileListPaths = (
			);
			outputPaths = (
				"$(DERIVED_FILE_DIR)/Pods-WordList-checkManifestLockResult.txt",
			);
			runOnlyForDeploymentPostprocessing = 0;
			shellPath = /bin/sh;
			shellScript = "diff \"${PODS_PODFILE_DIR_PATH}/Podfile.lock\" \"${PODS_ROOT}/Manifest.lock\" > /dev/null\nif [ $? != 0 ] ; then\n    # print error to STDERR\n    echo \"error: The sandbox is not in sync with the Podfile.lock. Run 'pod install' or update your CocoaPods installation.\" >&2\n    exit 1\nfi\n# This output is used by Xcode 'outputs' to avoid re-running this script phase.\necho \"SUCCESS\" > \"${SCRIPT_OUTPUT_FILE_0}\"\n";
			showEnvVarsInLog = 0;
		};
		D83244105B8260D1857BE596 /* [CP] Check Pods Manifest.lock */ = {
			isa = PBXShellScriptBuildPhase;
			buildActionMask = 2147483647;
			files = (
			);
			inputFileListPaths = (
			);
			inputPaths = (
				"${PODS_PODFILE_DIR_PATH}/Podfile.lock",
				"${PODS_ROOT}/Manifest.lock",
			);
			name = "[CP] Check Pods Manifest.lock";
			outputFileListPaths = (
			);
			outputPaths = (
				"$(DERIVED_FILE_DIR)/Pods-WordListUITests-checkManifestLockResult.txt",
			);
			runOnlyForDeploymentPostprocessing = 0;
			shellPath = /bin/sh;
			shellScript = "diff \"${PODS_PODFILE_DIR_PATH}/Podfile.lock\" \"${PODS_ROOT}/Manifest.lock\" > /dev/null\nif [ $? != 0 ] ; then\n    # print error to STDERR\n    echo \"error: The sandbox is not in sync with the Podfile.lock. Run 'pod install' or update your CocoaPods installation.\" >&2\n    exit 1\nfi\n# This output is used by Xcode 'outputs' to avoid re-running this script phase.\necho \"SUCCESS\" > \"${SCRIPT_OUTPUT_FILE_0}\"\n";
			showEnvVarsInLog = 0;
		};
		FB009F6087D23F331E59E2C2 /* [CP] Embed Pods Frameworks */ = {
			isa = PBXShellScriptBuildPhase;
			buildActionMask = 2147483647;
			files = (
			);
			inputFileListPaths = (
			);
			inputPaths = (
				"${PODS_ROOT}/Target Support Files/Pods-WordList/Pods-WordList-frameworks.sh",
				"${BUILT_PRODUCTS_DIR}/CodableFirebase/CodableFirebase.framework",
				"${BUILT_PRODUCTS_DIR}/GoogleUtilities/GoogleUtilities.framework",
				"${BUILT_PRODUCTS_DIR}/leveldb-library/leveldb.framework",
				"${BUILT_PRODUCTS_DIR}/nanopb/nanopb.framework",
			);
			name = "[CP] Embed Pods Frameworks";
			outputFileListPaths = (
			);
			outputPaths = (
				"${TARGET_BUILD_DIR}/${FRAMEWORKS_FOLDER_PATH}/CodableFirebase.framework",
				"${TARGET_BUILD_DIR}/${FRAMEWORKS_FOLDER_PATH}/GoogleUtilities.framework",
				"${TARGET_BUILD_DIR}/${FRAMEWORKS_FOLDER_PATH}/leveldb.framework",
				"${TARGET_BUILD_DIR}/${FRAMEWORKS_FOLDER_PATH}/nanopb.framework",
			);
			runOnlyForDeploymentPostprocessing = 0;
			shellPath = /bin/sh;
			shellScript = "\"${PODS_ROOT}/Target Support Files/Pods-WordList/Pods-WordList-frameworks.sh\"\n";
			showEnvVarsInLog = 0;
		};
		FD793819FF644307DFD04DB0 /* [CP] Check Pods Manifest.lock */ = {
			isa = PBXShellScriptBuildPhase;
			buildActionMask = 2147483647;
			files = (
			);
			inputFileListPaths = (
			);
			inputPaths = (
				"${PODS_PODFILE_DIR_PATH}/Podfile.lock",
				"${PODS_ROOT}/Manifest.lock",
			);
			name = "[CP] Check Pods Manifest.lock";
			outputFileListPaths = (
			);
			outputPaths = (
				"$(DERIVED_FILE_DIR)/Pods-WordListTests-checkManifestLockResult.txt",
			);
			runOnlyForDeploymentPostprocessing = 0;
			shellPath = /bin/sh;
			shellScript = "diff \"${PODS_PODFILE_DIR_PATH}/Podfile.lock\" \"${PODS_ROOT}/Manifest.lock\" > /dev/null\nif [ $? != 0 ] ; then\n    # print error to STDERR\n    echo \"error: The sandbox is not in sync with the Podfile.lock. Run 'pod install' or update your CocoaPods installation.\" >&2\n    exit 1\nfi\n# This output is used by Xcode 'outputs' to avoid re-running this script phase.\necho \"SUCCESS\" > \"${SCRIPT_OUTPUT_FILE_0}\"\n";
			showEnvVarsInLog = 0;
		};
/* End PBXShellScriptBuildPhase section */

/* Begin PBXSourcesBuildPhase section */
		F5462D752255336600E939FE /* Sources */ = {
			isa = PBXSourcesBuildPhase;
			buildActionMask = 2147483647;
			files = (
				F5C02E272263C2410028FEAE /* NetworkManager.swift in Sources */,
				F5462D7F2255336600E939FE /* ViewController.swift in Sources */,
				F5462D7D2255336600E939FE /* AppDelegate.swift in Sources */,
				F5D40A7B2274A73000BCB1EA /* TranslationCell.swift in Sources */,
				F5D40A72227482D000BCB1EA /* CreatorIdCell.swift in Sources */,
				F5D40A69226F835000BCB1EA /* LessonCell.swift in Sources */,
				F5D40A742274830A00BCB1EA /* LessonTopicCell.swift in Sources */,
				F5D40A6C22746C0E00BCB1EA /* LessonViewController.swift in Sources */,
				F5D40A762274834B00BCB1EA /* WordsListCell.swift in Sources */,
				F5D40A6F2274828000BCB1EA /* LessonNameCell.swift in Sources */,
				F55DBCC5227B683800EC7EBF /* StartLessonCell.swift in Sources */,
				F5C02E292263C2C10028FEAE /* firebaseCodable.swift in Sources */,
			);
			runOnlyForDeploymentPostprocessing = 0;
		};
		F5462D892255336B00E939FE /* Sources */ = {
			isa = PBXSourcesBuildPhase;
			buildActionMask = 2147483647;
			files = (
				F5462D922255336B00E939FE /* WordListTests.swift in Sources */,
			);
			runOnlyForDeploymentPostprocessing = 0;
		};
		F5462D942255336B00E939FE /* Sources */ = {
			isa = PBXSourcesBuildPhase;
			buildActionMask = 2147483647;
			files = (
				F5462D9D2255336B00E939FE /* WordListUITests.swift in Sources */,
			);
			runOnlyForDeploymentPostprocessing = 0;
		};
/* End PBXSourcesBuildPhase section */

/* Begin PBXTargetDependency section */
		F5462D8F2255336B00E939FE /* PBXTargetDependency */ = {
			isa = PBXTargetDependency;
			target = F5462D782255336600E939FE /* WordList */;
			targetProxy = F5462D8E2255336B00E939FE /* PBXContainerItemProxy */;
		};
		F5462D9A2255336B00E939FE /* PBXTargetDependency */ = {
			isa = PBXTargetDependency;
			target = F5462D782255336600E939FE /* WordList */;
			targetProxy = F5462D992255336B00E939FE /* PBXContainerItemProxy */;
		};
/* End PBXTargetDependency section */

/* Begin PBXVariantGroup section */
		F5462D802255336600E939FE /* Main.storyboard */ = {
			isa = PBXVariantGroup;
			children = (
				F5462D812255336600E939FE /* Base */,
			);
			name = Main.storyboard;
			sourceTree = "<group>";
		};
		F5462D852255336B00E939FE /* LaunchScreen.storyboard */ = {
			isa = PBXVariantGroup;
			children = (
				F5462D862255336B00E939FE /* Base */,
			);
			name = LaunchScreen.storyboard;
			sourceTree = "<group>";
		};
/* End PBXVariantGroup section */

/* Begin XCBuildConfiguration section */
		F5462D9F2255336B00E939FE /* Debug */ = {
			isa = XCBuildConfiguration;
			buildSettings = {
				ALWAYS_SEARCH_USER_PATHS = NO;
				CLANG_ANALYZER_NONNULL = YES;
				CLANG_ANALYZER_NUMBER_OBJECT_CONVERSION = YES_AGGRESSIVE;
				CLANG_CXX_LANGUAGE_STANDARD = "gnu++14";
				CLANG_CXX_LIBRARY = "libc++";
				CLANG_ENABLE_MODULES = YES;
				CLANG_ENABLE_OBJC_ARC = YES;
				CLANG_ENABLE_OBJC_WEAK = YES;
				CLANG_WARN_BLOCK_CAPTURE_AUTORELEASING = YES;
				CLANG_WARN_BOOL_CONVERSION = YES;
				CLANG_WARN_COMMA = YES;
				CLANG_WARN_CONSTANT_CONVERSION = YES;
				CLANG_WARN_DEPRECATED_OBJC_IMPLEMENTATIONS = YES;
				CLANG_WARN_DIRECT_OBJC_ISA_USAGE = YES_ERROR;
				CLANG_WARN_DOCUMENTATION_COMMENTS = YES;
				CLANG_WARN_EMPTY_BODY = YES;
				CLANG_WARN_ENUM_CONVERSION = YES;
				CLANG_WARN_INFINITE_RECURSION = YES;
				CLANG_WARN_INT_CONVERSION = YES;
				CLANG_WARN_NON_LITERAL_NULL_CONVERSION = YES;
				CLANG_WARN_OBJC_IMPLICIT_RETAIN_SELF = YES;
				CLANG_WARN_OBJC_LITERAL_CONVERSION = YES;
				CLANG_WARN_OBJC_ROOT_CLASS = YES_ERROR;
				CLANG_WARN_RANGE_LOOP_ANALYSIS = YES;
				CLANG_WARN_STRICT_PROTOTYPES = YES;
				CLANG_WARN_SUSPICIOUS_MOVE = YES;
				CLANG_WARN_UNGUARDED_AVAILABILITY = YES_AGGRESSIVE;
				CLANG_WARN_UNREACHABLE_CODE = YES;
				CLANG_WARN__DUPLICATE_METHOD_MATCH = YES;
				CODE_SIGN_IDENTITY = "iPhone Developer";
				COPY_PHASE_STRIP = NO;
				DEBUG_INFORMATION_FORMAT = dwarf;
				ENABLE_STRICT_OBJC_MSGSEND = YES;
				ENABLE_TESTABILITY = YES;
				GCC_C_LANGUAGE_STANDARD = gnu11;
				GCC_DYNAMIC_NO_PIC = NO;
				GCC_NO_COMMON_BLOCKS = YES;
				GCC_OPTIMIZATION_LEVEL = 0;
				GCC_PREPROCESSOR_DEFINITIONS = (
					"DEBUG=1",
					"$(inherited)",
				);
				GCC_WARN_64_TO_32_BIT_CONVERSION = YES;
				GCC_WARN_ABOUT_RETURN_TYPE = YES_ERROR;
				GCC_WARN_UNDECLARED_SELECTOR = YES;
				GCC_WARN_UNINITIALIZED_AUTOS = YES_AGGRESSIVE;
				GCC_WARN_UNUSED_FUNCTION = YES;
				GCC_WARN_UNUSED_VARIABLE = YES;
				IPHONEOS_DEPLOYMENT_TARGET = 12.1;
				MTL_ENABLE_DEBUG_INFO = INCLUDE_SOURCE;
				MTL_FAST_MATH = YES;
				ONLY_ACTIVE_ARCH = YES;
				SDKROOT = iphoneos;
				SWIFT_ACTIVE_COMPILATION_CONDITIONS = DEBUG;
				SWIFT_OPTIMIZATION_LEVEL = "-Onone";
			};
			name = Debug;
		};
		F5462DA02255336B00E939FE /* Release */ = {
			isa = XCBuildConfiguration;
			buildSettings = {
				ALWAYS_SEARCH_USER_PATHS = NO;
				CLANG_ANALYZER_NONNULL = YES;
				CLANG_ANALYZER_NUMBER_OBJECT_CONVERSION = YES_AGGRESSIVE;
				CLANG_CXX_LANGUAGE_STANDARD = "gnu++14";
				CLANG_CXX_LIBRARY = "libc++";
				CLANG_ENABLE_MODULES = YES;
				CLANG_ENABLE_OBJC_ARC = YES;
				CLANG_ENABLE_OBJC_WEAK = YES;
				CLANG_WARN_BLOCK_CAPTURE_AUTORELEASING = YES;
				CLANG_WARN_BOOL_CONVERSION = YES;
				CLANG_WARN_COMMA = YES;
				CLANG_WARN_CONSTANT_CONVERSION = YES;
				CLANG_WARN_DEPRECATED_OBJC_IMPLEMENTATIONS = YES;
				CLANG_WARN_DIRECT_OBJC_ISA_USAGE = YES_ERROR;
				CLANG_WARN_DOCUMENTATION_COMMENTS = YES;
				CLANG_WARN_EMPTY_BODY = YES;
				CLANG_WARN_ENUM_CONVERSION = YES;
				CLANG_WARN_INFINITE_RECURSION = YES;
				CLANG_WARN_INT_CONVERSION = YES;
				CLANG_WARN_NON_LITERAL_NULL_CONVERSION = YES;
				CLANG_WARN_OBJC_IMPLICIT_RETAIN_SELF = YES;
				CLANG_WARN_OBJC_LITERAL_CONVERSION = YES;
				CLANG_WARN_OBJC_ROOT_CLASS = YES_ERROR;
				CLANG_WARN_RANGE_LOOP_ANALYSIS = YES;
				CLANG_WARN_STRICT_PROTOTYPES = YES;
				CLANG_WARN_SUSPICIOUS_MOVE = YES;
				CLANG_WARN_UNGUARDED_AVAILABILITY = YES_AGGRESSIVE;
				CLANG_WARN_UNREACHABLE_CODE = YES;
				CLANG_WARN__DUPLICATE_METHOD_MATCH = YES;
				CODE_SIGN_IDENTITY = "iPhone Developer";
				COPY_PHASE_STRIP = NO;
				DEBUG_INFORMATION_FORMAT = "dwarf-with-dsym";
				ENABLE_NS_ASSERTIONS = NO;
				ENABLE_STRICT_OBJC_MSGSEND = YES;
				GCC_C_LANGUAGE_STANDARD = gnu11;
				GCC_NO_COMMON_BLOCKS = YES;
				GCC_WARN_64_TO_32_BIT_CONVERSION = YES;
				GCC_WARN_ABOUT_RETURN_TYPE = YES_ERROR;
				GCC_WARN_UNDECLARED_SELECTOR = YES;
				GCC_WARN_UNINITIALIZED_AUTOS = YES_AGGRESSIVE;
				GCC_WARN_UNUSED_FUNCTION = YES;
				GCC_WARN_UNUSED_VARIABLE = YES;
				IPHONEOS_DEPLOYMENT_TARGET = 12.1;
				MTL_ENABLE_DEBUG_INFO = NO;
				MTL_FAST_MATH = YES;
				SDKROOT = iphoneos;
				SWIFT_COMPILATION_MODE = wholemodule;
				SWIFT_OPTIMIZATION_LEVEL = "-O";
				VALIDATE_PRODUCT = YES;
			};
			name = Release;
		};
		F5462DA22255336B00E939FE /* Debug */ = {
			isa = XCBuildConfiguration;
			baseConfigurationReference = 076831A7ED13BBFBC2345E9B /* Pods-WordList.debug.xcconfig */;
			buildSettings = {
				ASSETCATALOG_COMPILER_APPICON_NAME = AppIcon;
				CODE_SIGN_STYLE = Automatic;
				DEVELOPMENT_TEAM = 47J4D692KF;
				INFOPLIST_FILE = WordList/Info.plist;
				IPHONEOS_DEPLOYMENT_TARGET = 12.1;
				LD_RUNPATH_SEARCH_PATHS = (
					"$(inherited)",
					"@executable_path/Frameworks",
				);
				PRODUCT_BUNDLE_IDENTIFIER = vlad.WordList;
				PRODUCT_NAME = "$(TARGET_NAME)";
				SWIFT_VERSION = 4.2;
				TARGETED_DEVICE_FAMILY = "1,2";
			};
			name = Debug;
		};
		F5462DA32255336B00E939FE /* Release */ = {
			isa = XCBuildConfiguration;
			baseConfigurationReference = C3B5BBFB71C325376DB409A8 /* Pods-WordList.release.xcconfig */;
			buildSettings = {
				ASSETCATALOG_COMPILER_APPICON_NAME = AppIcon;
				CODE_SIGN_STYLE = Automatic;
				DEVELOPMENT_TEAM = 47J4D692KF;
				INFOPLIST_FILE = WordList/Info.plist;
				IPHONEOS_DEPLOYMENT_TARGET = 12.1;
				LD_RUNPATH_SEARCH_PATHS = (
					"$(inherited)",
					"@executable_path/Frameworks",
				);
				PRODUCT_BUNDLE_IDENTIFIER = vlad.WordList;
				PRODUCT_NAME = "$(TARGET_NAME)";
				SWIFT_VERSION = 4.2;
				TARGETED_DEVICE_FAMILY = "1,2";
			};
			name = Release;
		};
		F5462DA52255336C00E939FE /* Debug */ = {
			isa = XCBuildConfiguration;
			baseConfigurationReference = E6D5D560B108579740F117BC /* Pods-WordListTests.debug.xcconfig */;
			buildSettings = {
				ALWAYS_EMBED_SWIFT_STANDARD_LIBRARIES = YES;
				BUNDLE_LOADER = "$(TEST_HOST)";
				CODE_SIGN_STYLE = Automatic;
				DEVELOPMENT_TEAM = 47J4D692KF;
				INFOPLIST_FILE = WordListTests/Info.plist;
				LD_RUNPATH_SEARCH_PATHS = (
					"$(inherited)",
					"@executable_path/Frameworks",
					"@loader_path/Frameworks",
				);
				PRODUCT_BUNDLE_IDENTIFIER = vlad.WordListTests;
				PRODUCT_NAME = "$(TARGET_NAME)";
				SWIFT_VERSION = 4.2;
				TARGETED_DEVICE_FAMILY = "1,2";
				TEST_HOST = "$(BUILT_PRODUCTS_DIR)/WordList.app/WordList";
			};
			name = Debug;
		};
		F5462DA62255336C00E939FE /* Release */ = {
			isa = XCBuildConfiguration;
			baseConfigurationReference = 47F9F22BA137B3F0C56D4CF7 /* Pods-WordListTests.release.xcconfig */;
			buildSettings = {
				ALWAYS_EMBED_SWIFT_STANDARD_LIBRARIES = YES;
				BUNDLE_LOADER = "$(TEST_HOST)";
				CODE_SIGN_STYLE = Automatic;
				DEVELOPMENT_TEAM = 47J4D692KF;
				INFOPLIST_FILE = WordListTests/Info.plist;
				LD_RUNPATH_SEARCH_PATHS = (
					"$(inherited)",
					"@executable_path/Frameworks",
					"@loader_path/Frameworks",
				);
				PRODUCT_BUNDLE_IDENTIFIER = vlad.WordListTests;
				PRODUCT_NAME = "$(TARGET_NAME)";
				SWIFT_VERSION = 4.2;
				TARGETED_DEVICE_FAMILY = "1,2";
				TEST_HOST = "$(BUILT_PRODUCTS_DIR)/WordList.app/WordList";
			};
			name = Release;
		};
		F5462DA82255336C00E939FE /* Debug */ = {
			isa = XCBuildConfiguration;
			baseConfigurationReference = 3B3A7E3862FBC45DCCBE837C /* Pods-WordListUITests.debug.xcconfig */;
			buildSettings = {
				ALWAYS_EMBED_SWIFT_STANDARD_LIBRARIES = YES;
				CODE_SIGN_STYLE = Automatic;
				DEVELOPMENT_TEAM = 47J4D692KF;
				INFOPLIST_FILE = WordListUITests/Info.plist;
				LD_RUNPATH_SEARCH_PATHS = (
					"$(inherited)",
					"@executable_path/Frameworks",
					"@loader_path/Frameworks",
				);
				PRODUCT_BUNDLE_IDENTIFIER = vlad.WordListUITests;
				PRODUCT_NAME = "$(TARGET_NAME)";
				SWIFT_VERSION = 4.2;
				TARGETED_DEVICE_FAMILY = "1,2";
				TEST_TARGET_NAME = WordList;
			};
			name = Debug;
		};
		F5462DA92255336C00E939FE /* Release */ = {
			isa = XCBuildConfiguration;
			baseConfigurationReference = E870A555A2DAF9AA22D7AA26 /* Pods-WordListUITests.release.xcconfig */;
			buildSettings = {
				ALWAYS_EMBED_SWIFT_STANDARD_LIBRARIES = YES;
				CODE_SIGN_STYLE = Automatic;
				DEVELOPMENT_TEAM = 47J4D692KF;
				INFOPLIST_FILE = WordListUITests/Info.plist;
				LD_RUNPATH_SEARCH_PATHS = (
					"$(inherited)",
					"@executable_path/Frameworks",
					"@loader_path/Frameworks",
				);
				PRODUCT_BUNDLE_IDENTIFIER = vlad.WordListUITests;
				PRODUCT_NAME = "$(TARGET_NAME)";
				SWIFT_VERSION = 4.2;
				TARGETED_DEVICE_FAMILY = "1,2";
				TEST_TARGET_NAME = WordList;
			};
			name = Release;
		};
/* End XCBuildConfiguration section */

/* Begin XCConfigurationList section */
		F5462D742255336600E939FE /* Build configuration list for PBXProject "WordList" */ = {
			isa = XCConfigurationList;
			buildConfigurations = (
				F5462D9F2255336B00E939FE /* Debug */,
				F5462DA02255336B00E939FE /* Release */,
			);
			defaultConfigurationIsVisible = 0;
			defaultConfigurationName = Release;
		};
		F5462DA12255336B00E939FE /* Build configuration list for PBXNativeTarget "WordList" */ = {
			isa = XCConfigurationList;
			buildConfigurations = (
				F5462DA22255336B00E939FE /* Debug */,
				F5462DA32255336B00E939FE /* Release */,
			);
			defaultConfigurationIsVisible = 0;
			defaultConfigurationName = Release;
		};
		F5462DA42255336C00E939FE /* Build configuration list for PBXNativeTarget "WordListTests" */ = {
			isa = XCConfigurationList;
			buildConfigurations = (
				F5462DA52255336C00E939FE /* Debug */,
				F5462DA62255336C00E939FE /* Release */,
			);
			defaultConfigurationIsVisible = 0;
			defaultConfigurationName = Release;
		};
		F5462DA72255336C00E939FE /* Build configuration list for PBXNativeTarget "WordListUITests" */ = {
			isa = XCConfigurationList;
			buildConfigurations = (
				F5462DA82255336C00E939FE /* Debug */,
				F5462DA92255336C00E939FE /* Release */,
			);
			defaultConfigurationIsVisible = 0;
			defaultConfigurationName = Release;
		};
/* End XCConfigurationList section */
	};
	rootObject = F5462D712255336600E939FE /* Project object */;
}
